
Microsoft Visual Studio Solution File, Format Version 12.00
# Visual Studio Version 17
VisualStudioVersion = 17.14.36623.8
MinimumVisualStudioVersion = 10.0.40219.1
Project("{FAE04EC0-301F-11D3-BF4B-00C04F79EFBC}") = "FirestorePC", "FirestorePC.csproj", "{15116548-4057-40FE-8E8D-D28914BC05E9}"
EndProject
Project("{FAE04EC0-301F-11D3-BF4B-00C04F79EFBC}") = "ClientFirestore", "..\ClientFirestore\ClientFirestore.csproj", "{BD63A451-4972-4E2A-90D9-DD744A4F0018}"
EndProject
Global
	GlobalSection(SolutionConfigurationPlatforms) = preSolution
		Debug|Any CPU = Debug|Any CPU
		Release|Any CPU = Release|Any CPU
	EndGlobalSection
	GlobalSection(ProjectConfigurationPlatforms) = postSolution
		{15116548-4057-40FE-8E8D-D28914BC05E9}.Debug|Any CPU.ActiveCfg = Debug|Any CPU
		{15116548-4057-40FE-8E8D-D28914BC05E9}.Debug|Any CPU.Build.0 = Debug|Any CPU
		{15116548-4057-40FE-8E8D-D28914BC05E9}.Release|Any CPU.ActiveCfg = Release|Any CPU
		{15116548-4057-40FE-8E8D-D28914BC05E9}.Release|Any CPU.Build.0 = Release|Any CPU
		{BD63A451-4972-4E2A-90D9-DD744A4F0018}.Debug|Any CPU.ActiveCfg = Debug|Any CPU
		{BD63A451-4972-4E2A-90D9-DD744A4F0018}.Debug|Any CPU.Build.0 = Debug|Any CPU
		{BD63A451-4972-4E2A-90D9-DD744A4F0018}.Release|Any CPU.ActiveCfg = Release|Any CPU
		{BD63A451-4972-4E2A-90D9-DD744A4F0018}.Release|Any CPU.Build.0 = Release|Any CPU
	EndGlobalSection
	GlobalSection(SolutionProperties) = preSolution
		HideSolutionNode = FALSE
	EndGlobalSection
	GlobalSection(ExtensibilityGlobals) = postSolution
		SolutionGuid = {40374C5B-38A3-4003-B158-807FE0628FE4}
	EndGlobalSection
EndGlobal
